schema: '2.0'
stages:
  ingest:
    cmd: .venv/bin/python -m fraud.data.ingest
    deps:
    - path: data/TabFormer/raw/card_transaction.v1.csv
      hash: md5
      md5: 5d0f027f333e8ec7d58969a7b8a206f8
      size: 2354626737
      isexec: true
    - path: src/fraud/config.py
      hash: md5
      md5: 15b58a3afbc5288c8e2113506e439a84
      size: 1196
    - path: src/fraud/data/ingest.py
      hash: md5
      md5: f6ca81ef53cb04a534481764676f0b40
      size: 9532
    - path: src/fraud/data/schemas.py
      hash: md5
      md5: da96c5678d4acd600d5b30950af885aa
      size: 6683
      isexec: true
    params:
      params.yaml:
        ingest:
          row_group_size: 1000000
          partition_on: Year
          batch_rows: 500000
          validate_raw: true
        paths.processed: data/processed
        paths.raw_csv: data/TabFormer/raw/card_transaction.v1.csv
    outs:
    - path: data/processed
      hash: md5
      md5: 3967e7aa9b864da7a3802222d282d56c.dir
      size: 563670306
      nfiles: 30
  validate:
    cmd: .venv/bin/python -m fraud.data.validate
    deps:
    - path: data/processed
      hash: md5
      md5: 3967e7aa9b864da7a3802222d282d56c.dir
      size: 563670306
      nfiles: 30
    - path: src/fraud/config.py
      hash: md5
      md5: 15b58a3afbc5288c8e2113506e439a84
      size: 1196
    - path: src/fraud/data/schemas.py
      hash: md5
      md5: da96c5678d4acd600d5b30950af885aa
      size: 6683
      isexec: true
    - path: src/fraud/data/validate.py
      hash: md5
      md5: 735a3d6a0fed106b542d237fb61a6980
      size: 6631
    params:
      params.yaml:
        paths.processed: data/processed
        paths.validation_report: reports/validation_report.json
        validation:
          fraud_rate_min: 0.0005
          fraud_rate_max: 0.005
          expected_row_count_min: 20000000
    outs:
    - path: reports/validation_report.json
      hash: md5
      md5: 082904b5703016af66042f2bc4d916b1
      size: 2297
  split:
    cmd: .venv/bin/python -m fraud.data.split
    deps:
    - path: data/processed
      hash: md5
      md5: 3967e7aa9b864da7a3802222d282d56c.dir
      size: 563670306
      nfiles: 30
    - path: src/fraud/config.py
      hash: md5
      md5: 15b58a3afbc5288c8e2113506e439a84
      size: 1196
    - path: src/fraud/data/split.py
      hash: md5
      md5: f796c5b8bd1914b9ccd2848259845e52
      size: 6355
    params:
      params.yaml:
        paths.processed: data/processed
        paths.splits_manifest: reports/splits.json
        split:
          train_end_year: 2017
          val_year: 2018
    outs:
    - path: reports/splits.json
      hash: md5
      md5: 3c649bd1cbd23f6cbdda3e04abaff160
      size: 2191
  sample:
    cmd: .venv/bin/python -m fraud.data.sample
    deps:
    - path: data/processed
      hash: md5
      md5: 3967e7aa9b864da7a3802222d282d56c.dir
      size: 563670306
      nfiles: 30
    - path: src/fraud/config.py
      hash: md5
      md5: 15b58a3afbc5288c8e2113506e439a84
      size: 1196
    - path: src/fraud/data/sample.py
      hash: md5
      md5: 0fc6d8775e86b0bc5aba66b52d9a457a
      size: 2710
    params:
      params.yaml:
        paths.processed: data/processed
        paths.sample: data/sample/transactions.parquet
        sample:
          n_rows: 200000
          random_state: 42
    outs:
    - path: data/sample/transactions.parquet
      hash: md5
      md5: 53af6355b9a8285d79364e2d98c406a8
      size: 4076046
  velocity:
    cmd: .venv/bin/python -m fraud.features.build_velocity
    deps:
    - path: data/processed
      hash: md5
      md5: 3967e7aa9b864da7a3802222d282d56c.dir
      size: 563670306
      nfiles: 30
    - path: src/fraud/config.py
      hash: md5
      md5: 15b58a3afbc5288c8e2113506e439a84
      size: 1196
      isexec: true
    - path: src/fraud/features/build_velocity.py
      hash: md5
      md5: 77b326a2a3e0838e23e15266eb217bc6
      size: 4910
    - path: src/fraud/features/velocity.py
      hash: md5
      md5: 32634110b4f451a95ba4a086c2e8b031
      size: 5030
    params:
      params.yaml:
        paths.processed: data/processed
        paths.velocity: data/features/velocity
        velocity:
          windows_hours:
          - 1
          - 24
          - 168
          users_per_chunk: 250
    outs:
    - path: data/features/velocity
      hash: md5
      md5: 9c11275a4a7c03589a873f86ca535596.dir
      size: 623131662
      nfiles: 227
  features:
    cmd: .venv/bin/python -m fraud.features.build
    deps:
    - path: data/features/velocity
      hash: md5
      md5: 9c11275a4a7c03589a873f86ca535596.dir
      size: 623131662
      nfiles: 227
    - path: data/processed
      hash: md5
      md5: 3967e7aa9b864da7a3802222d282d56c.dir
      size: 563670306
      nfiles: 30
    - path: src/fraud/config.py
      hash: md5
      md5: 15b58a3afbc5288c8e2113506e439a84
      size: 1196
      isexec: true
    - path: src/fraud/data/split.py
      hash: md5
      md5: f796c5b8bd1914b9ccd2848259845e52
      size: 6355
      isexec: true
    - path: src/fraud/features/build.py
      hash: md5
      md5: aca019c300d587f000c714afc0317aba
      size: 5411
      isexec: true
    - path: src/fraud/features/encoders.py
      hash: md5
      md5: c01a0596521293784de2709b4680571b
      size: 7832
      isexec: true
    params:
      params.yaml:
        features:
          one_hot_max_cardinality: 8
          unknown_string_marker: XX
          unknown_zip_code: 0
          categorical:
          - Merchant
          - Zip
          - City
          - State
          - MCC
          - Errors
          - Chip
          numeric:
          - Amount
          - Time
          - Month
          - Day
        paths.encoder: data/features/encoder.json
        paths.feature_matrix: data/features/matrix
        paths.processed: data/processed
        paths.velocity: data/features/velocity
        split:
          train_end_year: 2017
          val_year: 2018
        velocity.windows_hours:
        - 1
        - 24
        - 168
    outs:
    - path: data/features/encoder.json
      hash: md5
      md5: cd395e3803b830e8e471b402a5a1eb4a
      size: 3500873
      isexec: true
    - path: data/features/matrix
      hash: md5
      md5: 908c31ea2fb0940b185b447b1f1bd970.dir
      size: 803821823
      nfiles: 30
  train_xgb:
    cmd: .venv/bin/python -m fraud.models.xgb
    deps:
    - path: data/features/matrix
      hash: md5
      md5: 908c31ea2fb0940b185b447b1f1bd970.dir
      size: 803821823
      nfiles: 30
    - path: src/fraud/config.py
      hash: md5
      md5: 15b58a3afbc5288c8e2113506e439a84
      size: 1196
      isexec: true
    - path: src/fraud/data/split.py
      hash: md5
      md5: f796c5b8bd1914b9ccd2848259845e52
      size: 6355
      isexec: true
    - path: src/fraud/models/xgb.py
      hash: md5
      md5: 02370ec0c12edd13e6fd44abea330bd4
      size: 8318
    params:
      params.yaml:
        paths.feature_matrix: data/features/matrix
        paths.models: data/models
        split:
          train_end_year: 2017
          val_year: 2018
        xgboost:
          n_estimators: 500
          max_depth: 8
          learning_rate: 0.05
          subsample: 0.8
          colsample_bytree: 0.8
          scale_pos_weight: 10
          scale_pos_weight_grid:
          - 1
          - 10
          - 50
          - 200
          - 819
          sweep_sample_fraction: 0.15
          sweep_n_estimators: 150
          eval_metric: aucpr
          early_stopping_rounds: 50
          random_state: 42
    outs:
    - path: data/models/xgb
      hash: md5
      md5: e995dccc72804fd62ba6838430817df8.dir
      size: 7080043
      nfiles: 2
  evaluate:
    cmd: .venv/bin/python -m fraud.models.evaluate
    deps:
    - path: data/features/matrix
      hash: md5
      md5: 908c31ea2fb0940b185b447b1f1bd970.dir
      size: 803821823
      nfiles: 30
    - path: data/models/xgb
      hash: md5
      md5: e995dccc72804fd62ba6838430817df8.dir
      size: 7080043
      nfiles: 2
    - path: src/fraud/config.py
      hash: md5
      md5: 15b58a3afbc5288c8e2113506e439a84
      size: 1196
      isexec: true
    - path: src/fraud/models/evaluate.py
      hash: md5
      md5: ca1448f43a5531526337e4e6e531365d
      size: 5058
    - path: src/fraud/models/metrics.py
      hash: md5
      md5: 8c61219f8569b24773965b34d8cde696
      size: 4916
    params:
      params.yaml:
        evaluate:
          target_false_positive_rate: 0.01
          precision_at_k:
          - 100
          - 1000
        paths.feature_matrix: data/features/matrix
        paths.metrics_report: reports/metrics_xgb.json
        paths.models: data/models
        split:
          train_end_year: 2017
          val_year: 2018
    outs:
    - path: reports/metrics_xgb.json
      hash: md5
      md5: 2ed44b76f6fe18f5eb2c1c372ac4fd4c
      size: 2461
  register:
    cmd: .venv/bin/python -m fraud.models.registry
    deps:
    - path: data/features/encoder.json
      hash: md5
      md5: cd395e3803b830e8e471b402a5a1eb4a
      size: 3500873
    - path: data/models/xgb
      hash: md5
      md5: e995dccc72804fd62ba6838430817df8.dir
      size: 7080043
      nfiles: 2
    - path: reports/metrics_xgb.json
      hash: md5
      md5: 2ed44b76f6fe18f5eb2c1c372ac4fd4c
      size: 2461
    - path: src/fraud/config.py
      hash: md5
      md5: 15b58a3afbc5288c8e2113506e439a84
      size: 1196
      isexec: true
    - path: src/fraud/models/registry.py
      hash: md5
      md5: 739a543769369c23d3b63e2ce9189c57
      size: 5966
    params:
      params.yaml:
        mlflow:
          experiment_name: fraud-detection
          registered_model_name: fraud-champion
        paths.encoder: data/features/encoder.json
        paths.metrics_report: reports/metrics_xgb.json
        paths.models: data/models
        paths.registry_report: reports/registry.json
    outs:
    - path: reports/registry.json
      hash: md5
      md5: aa280ac765477674744861214bdf7e60
      size: 250
  build_graph:
    cmd: .venv/bin/python -m fraud.features.graph
    deps:
    - path: data/features/encoder.json
      hash: md5
      md5: cd395e3803b830e8e471b402a5a1eb4a
      size: 3500873
      isexec: true
    - path: data/features/matrix
      hash: md5
      md5: 908c31ea2fb0940b185b447b1f1bd970.dir
      size: 803821823
      nfiles: 30
    - path: data/processed
      hash: md5
      md5: 3967e7aa9b864da7a3802222d282d56c.dir
      size: 563670306
      nfiles: 30
    - path: src/fraud/config.py
      hash: md5
      md5: 15b58a3afbc5288c8e2113506e439a84
      size: 1196
      isexec: true
    - path: src/fraud/data/split.py
      hash: md5
      md5: f796c5b8bd1914b9ccd2848259845e52
      size: 6355
      isexec: true
    - path: src/fraud/features/encoders.py
      hash: md5
      md5: c01a0596521293784de2709b4680571b
      size: 7832
      isexec: true
    - path: src/fraud/features/graph.py
      hash: md5
      md5: 0c45eaf08bd620693f5f972da8124129
      size: 13400
      isexec: true
    params:
      params.yaml:
        gnn.fraud_ratio: 0.1
        gnn.random_state: 42
        gnn.under_sample: true
        paths.encoder: data/features/encoder.json
        paths.feature_matrix: data/features/matrix
        paths.graph: data/graph
        paths.graph_summary: reports/graph_summary.json
        paths.processed: data/processed
        split:
          train_end_year: 2017
          val_year: 2018
    outs:
    - path: data/graph
      hash: md5
      md5: bed848867e3fecb944fa57a6bac0f36e.dir
      size: 161595534
      nfiles: 15
    - path: reports/graph_summary.json
      hash: md5
      md5: 2dd5db819ef152410244a7aec60e019a
      size: 1531
      isexec: true
  train_gnn:
    cmd: .venv/bin/python -m fraud.models.gnn
    deps:
    - path: data/graph
      hash: md5
      md5: bed848867e3fecb944fa57a6bac0f36e.dir
      size: 161595534
      nfiles: 15
    - path: src/fraud/config.py
      hash: md5
      md5: 15b58a3afbc5288c8e2113506e439a84
      size: 1196
      isexec: true
    - path: src/fraud/models/gnn.py
      hash: md5
      md5: 7e0112496f4920e1eb24f948cbc60d74
      size: 11548
      isexec: true
    - path: src/fraud/models/metrics.py
      hash: md5
      md5: 8c61219f8569b24773965b34d8cde696
      size: 4916
      isexec: true
    params:
      params.yaml:
        gnn:
          under_sample: true
          fraud_ratio: 0.1
          dedupe_non_fraud: false
          hidden_channels: 128
          embedding_dim: 64
          num_layers: 2
          num_neighbors:
          - 25
          - 10
          batch_size: 4096
          learning_rate: 0.001
          epochs: 20
          dropout: 0.3
          random_state: 42
        paths.graph: data/graph
        paths.models: data/models
    outs:
    - path: data/models/gnn
      hash: md5
      md5: 95992c53dc634d2ca814a8cf28b22299.dir
      size: 444087
      nfiles: 2
  gnn_embeddings:
    cmd: .venv/bin/python -m fraud.models.gnn_embeddings
    deps:
    - path: data/graph
      hash: md5
      md5: bed848867e3fecb944fa57a6bac0f36e.dir
      size: 161595534
      nfiles: 15
    - path: data/models/gnn
      hash: md5
      md5: 95992c53dc634d2ca814a8cf28b22299.dir
      size: 444087
      nfiles: 2
    - path: src/fraud/config.py
      hash: md5
      md5: 15b58a3afbc5288c8e2113506e439a84
      size: 1196
      isexec: true
    - path: src/fraud/models/gnn_embeddings.py
      hash: md5
      md5: 4d158ea7374ed44202a78abbbba281cc
      size: 6118
      isexec: true
    params:
      params.yaml:
        gnn:
          under_sample: true
          fraud_ratio: 0.1
          dedupe_non_fraud: false
          hidden_channels: 128
          embedding_dim: 64
          num_layers: 2
          num_neighbors:
          - 25
          - 10
          batch_size: 4096
          learning_rate: 0.001
          epochs: 20
          dropout: 0.3
          random_state: 42
        paths.embeddings: data/features/embeddings
        paths.embeddings_summary: reports/embeddings_summary.json
        paths.graph: data/graph
        paths.models: data/models
    outs:
    - path: data/features/embeddings
      hash: md5
      md5: b98052aa564fbde545c321d707a2e2dd.dir
      size: 32120830
      nfiles: 6
    - path: reports/embeddings_summary.json
      hash: md5
      md5: a2a58433b68ebc84408bc6da189561f5
      size: 674
      isexec: true
  evaluate_gnn:
    cmd: .venv/bin/python -m fraud.models.evaluate_gnn
    deps:
    - path: data/features/embeddings
      hash: md5
      md5: b98052aa564fbde545c321d707a2e2dd.dir
      size: 32120830
      nfiles: 6
    - path: data/features/matrix
      hash: md5
      md5: 908c31ea2fb0940b185b447b1f1bd970.dir
      size: 803821823
      nfiles: 30
    - path: data/graph
      hash: md5
      md5: bed848867e3fecb944fa57a6bac0f36e.dir
      size: 161595534
      nfiles: 15
    - path: src/fraud/config.py
      hash: md5
      md5: 15b58a3afbc5288c8e2113506e439a84
      size: 1196
      isexec: true
    - path: src/fraud/models/evaluate_gnn.py
      hash: md5
      md5: 79e62c40c834005c6007a99d240acfe8
      size: 10464
      isexec: true
    - path: src/fraud/models/metrics.py
      hash: md5
      md5: 8c61219f8569b24773965b34d8cde696
      size: 4916
      isexec: true
    params:
      params.yaml:
        evaluate:
          target_false_positive_rate: 0.01
          precision_at_k:
          - 100
          - 1000
        paths.embeddings: data/features/embeddings
        paths.feature_matrix: data/features/matrix
        paths.graph: data/graph
        paths.metrics_gnn: reports/metrics_gnn.json
        split:
          train_end_year: 2017
          val_year: 2018
        xgboost:
          n_estimators: 500
          max_depth: 8
          learning_rate: 0.05
          subsample: 0.8
          colsample_bytree: 0.8
          scale_pos_weight: 10
          scale_pos_weight_grid:
          - 1
          - 10
          - 50
          - 200
          - 819
          sweep_sample_fraction: 0.15
          sweep_n_estimators: 150
          eval_metric: aucpr
          early_stopping_rounds: 50
          random_state: 42
    outs:
    - path: reports/metrics_gnn.json
      hash: md5
      md5: 7a6ced9fb8348df5bb7791746019f04a
      size: 5102
      isexec: true
